
Microsoft Visual Studio Solution File, Format Version 12.00
# Visual Studio 14
VisualStudioVersion = 14.0.25420.1
MinimumVisualStudioVersion = 10.0.40219.1
Project("{FAE04EC0-301F-11D3-BF4B-00C04F79EFBC}") = "Leapers.Droid", "Leapers\Leapers.Droid\Leapers.Droid.csproj", "{370C32D8-BFC6-4F1E-9863-7EFAEC829CF8}"
EndProject
Project("{FAE04EC0-301F-11D3-BF4B-00C04F79EFBC}") = "Leapers.iOS", "Leapers\Leapers.iOS\Leapers.iOS.csproj", "{87F28A7F-256D-4C5E-9718-F7048D9ADD23}"
EndProject
Project("{FAE04EC0-301F-11D3-BF4B-00C04F79EFBC}") = "Leapers.WinPhone", "Leapers\Leapers.WinPhone\Leapers.WinPhone.csproj", "{A8449319-B00A-4165-B1A1-1189AEBB4550}"
EndProject
Project("{FAE04EC0-301F-11D3-BF4B-00C04F79EFBC}") = "Leapers.UWP", "Leapers\Leapers.UWP\Leapers.UWP.csproj", "{ECD8BAC2-322A-40BA-B8E7-30B2EABAF0A2}"
EndProject
Project("{FAE04EC0-301F-11D3-BF4B-00C04F79EFBC}") = "Leapers.Windows", "Leapers\Leapers.Windows\Leapers.Windows.csproj", "{118520FF-C76A-4008-8236-6C5CC57560FB}"
EndProject
Project("{FAE04EC0-301F-11D3-BF4B-00C04F79EFBC}") = "Leapers", "Leapers\Leapers\Leapers.csproj", "{06553401-A19F-4A81-BD31-0EDD7031AFA5}"
EndProject
Global
	GlobalSection(SolutionConfigurationPlatforms) = preSolution
		Ad-Hoc|Any CPU = Ad-Hoc|Any CPU
		Ad-Hoc|ARM = Ad-Hoc|ARM
		Ad-Hoc|iPhone = Ad-Hoc|iPhone
		Ad-Hoc|iPhoneSimulator = Ad-Hoc|iPhoneSimulator
		Ad-Hoc|x64 = Ad-Hoc|x64
		Ad-Hoc|x86 = Ad-Hoc|x86
		AppStore|Any CPU = AppStore|Any CPU
		AppStore|ARM = AppStore|ARM
		AppStore|iPhone = AppStore|iPhone
		AppStore|iPhoneSimulator = AppStore|iPhoneSimulator
		AppStore|x64 = AppStore|x64
		AppStore|x86 = AppStore|x86
		Debug|Any CPU = Debug|Any CPU
		Debug|ARM = Debug|ARM
		Debug|iPhone = Debug|iPhone
		Debug|iPhoneSimulator = Debug|iPhoneSimulator
		Debug|x64 = Debug|x64
		Debug|x86 = Debug|x86
		Release|Any CPU = Release|Any CPU
		Release|ARM = Release|ARM
		Release|iPhone = Release|iPhone
		Release|iPhoneSimulator = Release|iPhoneSimulator
		Release|x64 = Release|x64
		Release|x86 = Release|x86
	EndGlobalSection
	GlobalSection(ProjectConfigurationPlatforms) = postSolution
		{370C32D8-BFC6-4F1E-9863-7EFAEC829CF8}.Ad-Hoc|Any CPU.ActiveCfg = Release|Any CPU
		{370C32D8-BFC6-4F1E-9863-7EFAEC829CF8}.Ad-Hoc|Any CPU.Build.0 = Release|Any CPU
		{370C32D8-BFC6-4F1E-9863-7EFAEC829CF8}.Ad-Hoc|Any CPU.Deploy.0 = Release|Any CPU
		{370C32D8-BFC6-4F1E-9863-7EFAEC829CF8}.Ad-Hoc|ARM.ActiveCfg = Release|Any CPU
		{370C32D8-BFC6-4F1E-9863-7EFAEC829CF8}.Ad-Hoc|ARM.Build.0 = Release|Any CPU
		{370C32D8-BFC6-4F1E-9863-7EFAEC829CF8}.Ad-Hoc|ARM.Deploy.0 = Release|Any CPU
		{370C32D8-BFC6-4F1E-9863-7EFAEC829CF8}.Ad-Hoc|iPhone.ActiveCfg = Release|Any CPU
		{370C32D8-BFC6-4F1E-9863-7EFAEC829CF8}.Ad-Hoc|iPhone.Build.0 = Release|Any CPU
		{370C32D8-BFC6-4F1E-9863-7EFAEC829CF8}.Ad-Hoc|iPhone.Deploy.0 = Release|Any CPU
		{370C32D8-BFC6-4F1E-9863-7EFAEC829CF8}.Ad-Hoc|iPhoneSimulator.ActiveCfg = Release|Any CPU
		{370C32D8-BFC6-4F1E-9863-7EFAEC829CF8}.Ad-Hoc|iPhoneSimulator.Build.0 = Release|Any CPU
		{370C32D8-BFC6-4F1E-9863-7EFAEC829CF8}.Ad-Hoc|iPhoneSimulator.Deploy.0 = Release|Any CPU
		{370C32D8-BFC6-4F1E-9863-7EFAEC829CF8}.Ad-Hoc|x64.ActiveCfg = Release|Any CPU
		{370C32D8-BFC6-4F1E-9863-7EFAEC829CF8}.Ad-Hoc|x64.Build.0 = Release|Any CPU
		{370C32D8-BFC6-4F1E-9863-7EFAEC829CF8}.Ad-Hoc|x64.Deploy.0 = Release|Any CPU
		{370C32D8-BFC6-4F1E-9863-7EFAEC829CF8}.Ad-Hoc|x86.ActiveCfg = Release|Any CPU
		{370C32D8-BFC6-4F1E-9863-7EFAEC829CF8}.Ad-Hoc|x86.Build.0 = Release|Any CPU
		{370C32D8-BFC6-4F1E-9863-7EFAEC829CF8}.Ad-Hoc|x86.Deploy.0 = Release|Any CPU
		{370C32D8-BFC6-4F1E-9863-7EFAEC829CF8}.AppStore|Any CPU.ActiveCfg = Release|Any CPU
		{370C32D8-BFC6-4F1E-9863-7EFAEC829CF8}.AppStore|Any CPU.Build.0 = Release|Any CPU
		{370C32D8-BFC6-4F1E-9863-7EFAEC829CF8}.AppStore|Any CPU.Deploy.0 = Release|Any CPU
		{370C32D8-BFC6-4F1E-9863-7EFAEC829CF8}.AppStore|ARM.ActiveCfg = Release|Any CPU
		{370C32D8-BFC6-4F1E-9863-7EFAEC829CF8}.AppStore|ARM.Build.0 = Release|Any CPU
		{370C32D8-BFC6-4F1E-9863-7EFAEC829CF8}.AppStore|ARM.Deploy.0 = Release|Any CPU
		{370C32D8-BFC6-4F1E-9863-7EFAEC829CF8}.AppStore|iPhone.ActiveCfg = Release|Any CPU
		{370C32D8-BFC6-4F1E-9863-7EFAEC829CF8}.AppStore|iPhone.Build.0 = Release|Any CPU
		{370C32D8-BFC6-4F1E-9863-7EFAEC829CF8}.AppStore|iPhone.Deploy.0 = Release|Any CPU
		{370C32D8-BFC6-4F1E-9863-7EFAEC829CF8}.AppStore|iPhoneSimulator.ActiveCfg = Release|Any CPU
		{370C32D8-BFC6-4F1E-9863-7EFAEC829CF8}.AppStore|iPhoneSimulator.Build.0 = Release|Any CPU
		{370C32D8-BFC6-4F1E-9863-7EFAEC829CF8}.AppStore|iPhoneSimulator.Deploy.0 = Release|Any CPU
		{370C32D8-BFC6-4F1E-9863-7EFAEC829CF8}.AppStore|x64.ActiveCfg = Release|Any CPU
		{370C32D8-BFC6-4F1E-9863-7EFAEC829CF8}.AppStore|x64.Build.0 = Release|Any CPU
		{370C32D8-BFC6-4F1E-9863-7EFAEC829CF8}.AppStore|x64.Deploy.0 = Release|Any CPU
		{370C32D8-BFC6-4F1E-9863-7EFAEC829CF8}.AppStore|x86.ActiveCfg = Release|Any CPU
		{370C32D8-BFC6-4F1E-9863-7EFAEC829CF8}.AppStore|x86.Build.0 = Release|Any CPU
		{370C32D8-BFC6-4F1E-9863-7EFAEC829CF8}.AppStore|x86.Deploy.0 = Release|Any CPU
		{370C32D8-BFC6-4F1E-9863-7EFAEC829CF8}.Debug|Any CPU.ActiveCfg = Debug|Any CPU
		{370C32D8-BFC6-4F1E-9863-7EFAEC829CF8}.Debug|Any CPU.Build.0 = Debug|Any CPU
		{370C32D8-BFC6-4F1E-9863-7EFAEC829CF8}.Debug|Any CPU.Deploy.0 = Debug|Any CPU
		{370C32D8-BFC6-4F1E-9863-7EFAEC829CF8}.Debug|ARM.ActiveCfg = Debug|Any CPU
		{370C32D8-BFC6-4F1E-9863-7EFAEC829CF8}.Debug|ARM.Build.0 = Debug|Any CPU
		{370C32D8-BFC6-4F1E-9863-7EFAEC829CF8}.Debug|ARM.Deploy.0 = Debug|Any CPU
		{370C32D8-BFC6-4F1E-9863-7EFAEC829CF8}.Debug|iPhone.ActiveCfg = Debug|Any CPU
		{370C32D8-BFC6-4F1E-9863-7EFAEC829CF8}.Debug|iPhone.Build.0 = Debug|Any CPU
		{370C32D8-BFC6-4F1E-9863-7EFAEC829CF8}.Debug|iPhone.Deploy.0 = Debug|Any CPU
		{370C32D8-BFC6-4F1E-9863-7EFAEC829CF8}.Debug|iPhoneSimulator.ActiveCfg = Debug|Any CPU
		{370C32D8-BFC6-4F1E-9863-7EFAEC829CF8}.Debug|iPhoneSimulator.Build.0 = Debug|Any CPU
		{370C32D8-BFC6-4F1E-9863-7EFAEC829CF8}.Debug|iPhoneSimulator.Deploy.0 = Debug|Any CPU
		{370C32D8-BFC6-4F1E-9863-7EFAEC829CF8}.Debug|x64.ActiveCfg = Debug|Any CPU
		{370C32D8-BFC6-4F1E-9863-7EFAEC829CF8}.Debug|x64.Build.0 = Debug|Any CPU
		{370C32D8-BFC6-4F1E-9863-7EFAEC829CF8}.Debug|x64.Deploy.0 = Debug|Any CPU
		{370C32D8-BFC6-4F1E-9863-7EFAEC829CF8}.Debug|x86.ActiveCfg = Debug|Any CPU
		{370C32D8-BFC6-4F1E-9863-7EFAEC829CF8}.Debug|x86.Build.0 = Debug|Any CPU
		{370C32D8-BFC6-4F1E-9863-7EFAEC829CF8}.Debug|x86.Deploy.0 = Debug|Any CPU
		{370C32D8-BFC6-4F1E-9863-7EFAEC829CF8}.Release|Any CPU.ActiveCfg = Release|Any CPU
		{370C32D8-BFC6-4F1E-9863-7EFAEC829CF8}.Release|Any CPU.Build.0 = Release|Any CPU
		{370C32D8-BFC6-4F1E-9863-7EFAEC829CF8}.Release|Any CPU.Deploy.0 = Release|Any CPU
		{370C32D8-BFC6-4F1E-9863-7EFAEC829CF8}.Release|ARM.ActiveCfg = Release|Any CPU
		{370C32D8-BFC6-4F1E-9863-7EFAEC829CF8}.Release|ARM.Build.0 = Release|Any CPU
		{370C32D8-BFC6-4F1E-9863-7EFAEC829CF8}.Release|ARM.Deploy.0 = Release|Any CPU
		{370C32D8-BFC6-4F1E-9863-7EFAEC829CF8}.Release|iPhone.ActiveCfg = Release|Any CPU
		{370C32D8-BFC6-4F1E-9863-7EFAEC829CF8}.Release|iPhone.Build.0 = Release|Any CPU
		{370C32D8-BFC6-4F1E-9863-7EFAEC829CF8}.Release|iPhone.Deploy.0 = Release|Any CPU
		{370C32D8-BFC6-4F1E-9863-7EFAEC829CF8}.Release|iPhoneSimulator.ActiveCfg = Release|Any CPU
		{370C32D8-BFC6-4F1E-9863-7EFAEC829CF8}.Release|iPhoneSimulator.Build.0 = Release|Any CPU
		{370C32D8-BFC6-4F1E-9863-7EFAEC829CF8}.Release|iPhoneSimulator.Deploy.0 = Release|Any CPU
		{370C32D8-BFC6-4F1E-9863-7EFAEC829CF8}.Release|x64.ActiveCfg = Release|Any CPU
		{370C32D8-BFC6-4F1E-9863-7EFAEC829CF8}.Release|x64.Build.0 = Release|Any CPU
		{370C32D8-BFC6-4F1E-9863-7EFAEC829CF8}.Release|x64.Deploy.0 = Release|Any CPU
		{370C32D8-BFC6-4F1E-9863-7EFAEC829CF8}.Release|x86.ActiveCfg = Release|Any CPU
		{370C32D8-BFC6-4F1E-9863-7EFAEC829CF8}.Release|x86.Build.0 = Release|Any CPU
		{370C32D8-BFC6-4F1E-9863-7EFAEC829CF8}.Release|x86.Deploy.0 = Release|Any CPU
		{87F28A7F-256D-4C5E-9718-F7048D9ADD23}.Ad-Hoc|Any CPU.ActiveCfg = Ad-Hoc|iPhone
		{87F28A7F-256D-4C5E-9718-F7048D9ADD23}.Ad-Hoc|ARM.ActiveCfg = Ad-Hoc|iPhone
		{87F28A7F-256D-4C5E-9718-F7048D9ADD23}.Ad-Hoc|iPhone.ActiveCfg = Ad-Hoc|iPhone
		{87F28A7F-256D-4C5E-9718-F7048D9ADD23}.Ad-Hoc|iPhone.Build.0 = Ad-Hoc|iPhone
		{87F28A7F-256D-4C5E-9718-F7048D9ADD23}.Ad-Hoc|iPhoneSimulator.ActiveCfg = Ad-Hoc|iPhoneSimulator
		{87F28A7F-256D-4C5E-9718-F7048D9ADD23}.Ad-Hoc|iPhoneSimulator.Build.0 = Ad-Hoc|iPhoneSimulator
		{87F28A7F-256D-4C5E-9718-F7048D9ADD23}.Ad-Hoc|x64.ActiveCfg = Ad-Hoc|iPhone
		{87F28A7F-256D-4C5E-9718-F7048D9ADD23}.Ad-Hoc|x86.ActiveCfg = Ad-Hoc|iPhone
		{87F28A7F-256D-4C5E-9718-F7048D9ADD23}.AppStore|Any CPU.ActiveCfg = AppStore|iPhone
		{87F28A7F-256D-4C5E-9718-F7048D9ADD23}.AppStore|ARM.ActiveCfg = AppStore|iPhone
		{87F28A7F-256D-4C5E-9718-F7048D9ADD23}.AppStore|iPhone.ActiveCfg = AppStore|iPhone
		{87F28A7F-256D-4C5E-9718-F7048D9ADD23}.AppStore|iPhone.Build.0 = AppStore|iPhone
		{87F28A7F-256D-4C5E-9718-F7048D9ADD23}.AppStore|iPhoneSimulator.ActiveCfg = AppStore|iPhoneSimulator
		{87F28A7F-256D-4C5E-9718-F7048D9ADD23}.AppStore|iPhoneSimulator.Build.0 = AppStore|iPhoneSimulator
		{87F28A7F-256D-4C5E-9718-F7048D9ADD23}.AppStore|x64.ActiveCfg = AppStore|iPhone
		{87F28A7F-256D-4C5E-9718-F7048D9ADD23}.AppStore|x86.ActiveCfg = AppStore|iPhone
		{87F28A7F-256D-4C5E-9718-F7048D9ADD23}.Debug|Any CPU.ActiveCfg = Debug|iPhone
		{87F28A7F-256D-4C5E-9718-F7048D9ADD23}.Debug|ARM.ActiveCfg = Debug|iPhone
		{87F28A7F-256D-4C5E-9718-F7048D9ADD23}.Debug|iPhone.ActiveCfg = Debug|iPhone
		{87F28A7F-256D-4C5E-9718-F7048D9ADD23}.Debug|iPhone.Build.0 = Debug|iPhone
		{87F28A7F-256D-4C5E-9718-F7048D9ADD23}.Debug|iPhoneSimulator.ActiveCfg = Debug|iPhoneSimulator
		{87F28A7F-256D-4C5E-9718-F7048D9ADD23}.Debug|iPhoneSimulator.Build.0 = Debug|iPhoneSimulator
		{87F28A7F-256D-4C5E-9718-F7048D9ADD23}.Debug|x64.ActiveCfg = Debug|iPhone
		{87F28A7F-256D-4C5E-9718-F7048D9ADD23}.Debug|x86.ActiveCfg = Debug|iPhone
		{87F28A7F-256D-4C5E-9718-F7048D9ADD23}.Release|Any CPU.ActiveCfg = Release|iPhone
		{87F28A7F-256D-4C5E-9718-F7048D9ADD23}.Release|ARM.ActiveCfg = Release|iPhone
		{87F28A7F-256D-4C5E-9718-F7048D9ADD23}.Release|iPhone.ActiveCfg = Release|iPhone
		{87F28A7F-256D-4C5E-9718-F7048D9ADD23}.Release|iPhone.Build.0 = Release|iPhone
		{87F28A7F-256D-4C5E-9718-F7048D9ADD23}.Release|iPhoneSimulator.ActiveCfg = Release|iPhoneSimulator
		{87F28A7F-256D-4C5E-9718-F7048D9ADD23}.Release|iPhoneSimulator.Build.0 = Release|iPhoneSimulator
		{87F28A7F-256D-4C5E-9718-F7048D9ADD23}.Release|x64.ActiveCfg = Release|iPhone
		{87F28A7F-256D-4C5E-9718-F7048D9ADD23}.Release|x86.ActiveCfg = Release|iPhone
		{A8449319-B00A-4165-B1A1-1189AEBB4550}.Ad-Hoc|Any CPU.ActiveCfg = Release|Any CPU
		{A8449319-B00A-4165-B1A1-1189AEBB4550}.Ad-Hoc|Any CPU.Build.0 = Release|Any CPU
		{A8449319-B00A-4165-B1A1-1189AEBB4550}.Ad-Hoc|Any CPU.Deploy.0 = Release|Any CPU
		{A8449319-B00A-4165-B1A1-1189AEBB4550}.Ad-Hoc|ARM.ActiveCfg = Release|ARM
		{A8449319-B00A-4165-B1A1-1189AEBB4550}.Ad-Hoc|ARM.Build.0 = Release|ARM
		{A8449319-B00A-4165-B1A1-1189AEBB4550}.Ad-Hoc|ARM.Deploy.0 = Release|ARM
		{A8449319-B00A-4165-B1A1-1189AEBB4550}.Ad-Hoc|iPhone.ActiveCfg = Release|Any CPU
		{A8449319-B00A-4165-B1A1-1189AEBB4550}.Ad-Hoc|iPhone.Build.0 = Release|Any CPU
		{A8449319-B00A-4165-B1A1-1189AEBB4550}.Ad-Hoc|iPhone.Deploy.0 = Release|Any CPU
		{A8449319-B00A-4165-B1A1-1189AEBB4550}.Ad-Hoc|iPhoneSimulator.ActiveCfg = Release|Any CPU
		{A8449319-B00A-4165-B1A1-1189AEBB4550}.Ad-Hoc|iPhoneSimulator.Build.0 = Release|Any CPU
		{A8449319-B00A-4165-B1A1-1189AEBB4550}.Ad-Hoc|iPhoneSimulator.Deploy.0 = Release|Any CPU
		{A8449319-B00A-4165-B1A1-1189AEBB4550}.Ad-Hoc|x64.ActiveCfg = Release|Any CPU
		{A8449319-B00A-4165-B1A1-1189AEBB4550}.Ad-Hoc|x64.Build.0 = Release|Any CPU
		{A8449319-B00A-4165-B1A1-1189AEBB4550}.Ad-Hoc|x64.Deploy.0 = Release|Any CPU
		{A8449319-B00A-4165-B1A1-1189AEBB4550}.Ad-Hoc|x86.ActiveCfg = Release|x86
		{A8449319-B00A-4165-B1A1-1189AEBB4550}.Ad-Hoc|x86.Build.0 = Release|x86
		{A8449319-B00A-4165-B1A1-1189AEBB4550}.Ad-Hoc|x86.Deploy.0 = Release|x86
		{A8449319-B00A-4165-B1A1-1189AEBB4550}.AppStore|Any CPU.ActiveCfg = Release|Any CPU
		{A8449319-B00A-4165-B1A1-1189AEBB4550}.AppStore|Any CPU.Build.0 = Release|Any CPU
		{A8449319-B00A-4165-B1A1-1189AEBB4550}.AppStore|Any CPU.Deploy.0 = Release|Any CPU
		{A8449319-B00A-4165-B1A1-1189AEBB4550}.AppStore|ARM.ActiveCfg = Release|ARM
		{A8449319-B00A-4165-B1A1-1189AEBB4550}.AppStore|ARM.Build.0 = Release|ARM
		{A8449319-B00A-4165-B1A1-1189AEBB4550}.AppStore|ARM.Deploy.0 = Release|ARM
		{A8449319-B00A-4165-B1A1-1189AEBB4550}.AppStore|iPhone.ActiveCfg = Release|Any CPU
		{A8449319-B00A-4165-B1A1-1189AEBB4550}.AppStore|iPhone.Build.0 = Release|Any CPU
		{A8449319-B00A-4165-B1A1-1189AEBB4550}.AppStore|iPhone.Deploy.0 = Release|Any CPU
		{A8449319-B00A-4165-B1A1-1189AEBB4550}.AppStore|iPhoneSimulator.ActiveCfg = Release|Any CPU
		{A8449319-B00A-4165-B1A1-1189AEBB4550}.AppStore|iPhoneSimulator.Build.0 = Release|Any CPU
		{A8449319-B00A-4165-B1A1-1189AEBB4550}.AppStore|iPhoneSimulator.Deploy.0 = Release|Any CPU
		{A8449319-B00A-4165-B1A1-1189AEBB4550}.AppStore|x64.ActiveCfg = Release|Any CPU
		{A8449319-B00A-4165-B1A1-1189AEBB4550}.AppStore|x64.Build.0 = Release|Any CPU
		{A8449319-B00A-4165-B1A1-1189AEBB4550}.AppStore|x64.Deploy.0 = Release|Any CPU
		{A8449319-B00A-4165-B1A1-1189AEBB4550}.AppStore|x86.ActiveCfg = Release|x86
		{A8449319-B00A-4165-B1A1-1189AEBB4550}.AppStore|x86.Build.0 = Release|x86
		{A8449319-B00A-4165-B1A1-1189AEBB4550}.AppStore|x86.Deploy.0 = Release|x86
		{A8449319-B00A-4165-B1A1-1189AEBB4550}.Debug|Any CPU.ActiveCfg = Debug|Any CPU
		{A8449319-B00A-4165-B1A1-1189AEBB4550}.Debug|Any CPU.Build.0 = Debug|Any CPU
		{A8449319-B00A-4165-B1A1-1189AEBB4550}.Debug|Any CPU.Deploy.0 = Debug|Any CPU
		{A8449319-B00A-4165-B1A1-1189AEBB4550}.Debug|ARM.ActiveCfg = Debug|ARM
		{A8449319-B00A-4165-B1A1-1189AEBB4550}.Debug|ARM.Build.0 = Debug|ARM
		{A8449319-B00A-4165-B1A1-1189AEBB4550}.Debug|ARM.Deploy.0 = Debug|ARM
		{A8449319-B00A-4165-B1A1-1189AEBB4550}.Debug|iPhone.ActiveCfg = Debug|Any CPU
		{A8449319-B00A-4165-B1A1-1189AEBB4550}.Debug|iPhone.Build.0 = Debug|Any CPU
		{A8449319-B00A-4165-B1A1-1189AEBB4550}.Debug|iPhone.Deploy.0 = Debug|Any CPU
		{A8449319-B00A-4165-B1A1-1189AEBB4550}.Debug|iPhoneSimulator.ActiveCfg = Debug|Any CPU
		{A8449319-B00A-4165-B1A1-1189AEBB4550}.Debug|iPhoneSimulator.Build.0 = Debug|Any CPU
		{A8449319-B00A-4165-B1A1-1189AEBB4550}.Debug|iPhoneSimulator.Deploy.0 = Debug|Any CPU
		{A8449319-B00A-4165-B1A1-1189AEBB4550}.Debug|x64.ActiveCfg = Debug|Any CPU
		{A8449319-B00A-4165-B1A1-1189AEBB4550}.Debug|x64.Build.0 = Debug|Any CPU
		{A8449319-B00A-4165-B1A1-1189AEBB4550}.Debug|x64.Deploy.0 = Debug|Any CPU
		{A8449319-B00A-4165-B1A1-1189AEBB4550}.Debug|x86.ActiveCfg = Debug|x86
		{A8449319-B00A-4165-B1A1-1189AEBB4550}.Debug|x86.Build.0 = Debug|x86
		{A8449319-B00A-4165-B1A1-1189AEBB4550}.Debug|x86.Deploy.0 = Debug|x86
		{A8449319-B00A-4165-B1A1-1189AEBB4550}.Release|Any CPU.ActiveCfg = Release|Any CPU
		{A8449319-B00A-4165-B1A1-1189AEBB4550}.Release|Any CPU.Build.0 = Release|Any CPU
		{A8449319-B00A-4165-B1A1-1189AEBB4550}.Release|Any CPU.Deploy.0 = Release|Any CPU
		{A8449319-B00A-4165-B1A1-1189AEBB4550}.Release|ARM.ActiveCfg = Release|ARM
		{A8449319-B00A-4165-B1A1-1189AEBB4550}.Release|ARM.Build.0 = Release|ARM
		{A8449319-B00A-4165-B1A1-1189AEBB4550}.Release|ARM.Deploy.0 = Release|ARM
		{A8449319-B00A-4165-B1A1-1189AEBB4550}.Release|iPhone.ActiveCfg = Release|Any CPU
		{A8449319-B00A-4165-B1A1-1189AEBB4550}.Release|iPhone.Build.0 = Release|Any CPU
		{A8449319-B00A-4165-B1A1-1189AEBB4550}.Release|iPhone.Deploy.0 = Release|Any CPU
		{A8449319-B00A-4165-B1A1-1189AEBB4550}.Release|iPhoneSimulator.ActiveCfg = Release|Any CPU
		{A8449319-B00A-4165-B1A1-1189AEBB4550}.Release|iPhoneSimulator.Build.0 = Release|Any CPU
		{A8449319-B00A-4165-B1A1-1189AEBB4550}.Release|iPhoneSimulator.Deploy.0 = Release|Any CPU
		{A8449319-B00A-4165-B1A1-1189AEBB4550}.Release|x64.ActiveCfg = Release|Any CPU
		{A8449319-B00A-4165-B1A1-1189AEBB4550}.Release|x64.Build.0 = Release|Any CPU
		{A8449319-B00A-4165-B1A1-1189AEBB4550}.Release|x64.Deploy.0 = Release|Any CPU
		{A8449319-B00A-4165-B1A1-1189AEBB4550}.Release|x86.ActiveCfg = Release|x86
		{A8449319-B00A-4165-B1A1-1189AEBB4550}.Release|x86.Build.0 = Release|x86
		{A8449319-B00A-4165-B1A1-1189AEBB4550}.Release|x86.Deploy.0 = Release|x86
		{ECD8BAC2-322A-40BA-B8E7-30B2EABAF0A2}.Ad-Hoc|Any CPU.ActiveCfg = Release|x86
		{ECD8BAC2-322A-40BA-B8E7-30B2EABAF0A2}.Ad-Hoc|Any CPU.Build.0 = Release|x86
		{ECD8BAC2-322A-40BA-B8E7-30B2EABAF0A2}.Ad-Hoc|Any CPU.Deploy.0 = Release|x86
		{ECD8BAC2-322A-40BA-B8E7-30B2EABAF0A2}.Ad-Hoc|ARM.ActiveCfg = Release|ARM
		{ECD8BAC2-322A-40BA-B8E7-30B2EABAF0A2}.Ad-Hoc|ARM.Build.0 = Release|ARM
		{ECD8BAC2-322A-40BA-B8E7-30B2EABAF0A2}.Ad-Hoc|ARM.Deploy.0 = Release|ARM
		{ECD8BAC2-322A-40BA-B8E7-30B2EABAF0A2}.Ad-Hoc|iPhone.ActiveCfg = Release|x86
		{ECD8BAC2-322A-40BA-B8E7-30B2EABAF0A2}.Ad-Hoc|iPhone.Build.0 = Release|x86
		{ECD8BAC2-322A-40BA-B8E7-30B2EABAF0A2}.Ad-Hoc|iPhone.Deploy.0 = Release|x86
		{ECD8BAC2-322A-40BA-B8E7-30B2EABAF0A2}.Ad-Hoc|iPhoneSimulator.ActiveCfg = Release|x86
		{ECD8BAC2-322A-40BA-B8E7-30B2EABAF0A2}.Ad-Hoc|iPhoneSimulator.Build.0 = Release|x86
		{ECD8BAC2-322A-40BA-B8E7-30B2EABAF0A2}.Ad-Hoc|iPhoneSimulator.Deploy.0 = Release|x86
		{ECD8BAC2-322A-40BA-B8E7-30B2EABAF0A2}.Ad-Hoc|x64.ActiveCfg = Release|x64
		{ECD8BAC2-322A-40BA-B8E7-30B2EABAF0A2}.Ad-Hoc|x64.Build.0 = Release|x64
		{ECD8BAC2-322A-40BA-B8E7-30B2EABAF0A2}.Ad-Hoc|x64.Deploy.0 = Release|x64
		{ECD8BAC2-322A-40BA-B8E7-30B2EABAF0A2}.Ad-Hoc|x86.ActiveCfg = Release|x86
		{ECD8BAC2-322A-40BA-B8E7-30B2EABAF0A2}.Ad-Hoc|x86.Build.0 = Release|x86
		{ECD8BAC2-322A-40BA-B8E7-30B2EABAF0A2}.Ad-Hoc|x86.Deploy.0 = Release|x86
		{ECD8BAC2-322A-40BA-B8E7-30B2EABAF0A2}.AppStore|Any CPU.ActiveCfg = Release|x86
		{ECD8BAC2-322A-40BA-B8E7-30B2EABAF0A2}.AppStore|Any CPU.Build.0 = Release|x86
		{ECD8BAC2-322A-40BA-B8E7-30B2EABAF0A2}.AppStore|Any CPU.Deploy.0 = Release|x86
		{ECD8BAC2-322A-40BA-B8E7-30B2EABAF0A2}.AppStore|ARM.ActiveCfg = Release|ARM
		{ECD8BAC2-322A-40BA-B8E7-30B2EABAF0A2}.AppStore|ARM.Build.0 = Release|ARM
		{ECD8BAC2-322A-40BA-B8E7-30B2EABAF0A2}.AppStore|ARM.Deploy.0 = Release|ARM
		{ECD8BAC2-322A-40BA-B8E7-30B2EABAF0A2}.AppStore|iPhone.ActiveCfg = Release|x86
		{ECD8BAC2-322A-40BA-B8E7-30B2EABAF0A2}.AppStore|iPhone.Build.0 = Release|x86
		{ECD8BAC2-322A-40BA-B8E7-30B2EABAF0A2}.AppStore|iPhone.Deploy.0 = Release|x86
		{ECD8BAC2-322A-40BA-B8E7-30B2EABAF0A2}.AppStore|iPhoneSimulator.ActiveCfg = Release|x86
		{ECD8BAC2-322A-40BA-B8E7-30B2EABAF0A2}.AppStore|iPhoneSimulator.Build.0 = Release|x86
		{ECD8BAC2-322A-40BA-B8E7-30B2EABAF0A2}.AppStore|iPhoneSimulator.Deploy.0 = Release|x86
		{ECD8BAC2-322A-40BA-B8E7-30B2EABAF0A2}.AppStore|x64.ActiveCfg = Release|x64
		{ECD8BAC2-322A-40BA-B8E7-30B2EABAF0A2}.AppStore|x64.Build.0 = Release|x64
		{ECD8BAC2-322A-40BA-B8E7-30B2EABAF0A2}.AppStore|x64.Deploy.0 = Release|x64
		{ECD8BAC2-322A-40BA-B8E7-30B2EABAF0A2}.AppStore|x86.ActiveCfg = Release|x86
		{ECD8BAC2-322A-40BA-B8E7-30B2EABAF0A2}.AppStore|x86.Build.0 = Release|x86
		{ECD8BAC2-322A-40BA-B8E7-30B2EABAF0A2}.AppStore|x86.Deploy.0 = Release|x86
		{ECD8BAC2-322A-40BA-B8E7-30B2EABAF0A2}.Debug|Any CPU.ActiveCfg = Debug|x86
		{ECD8BAC2-322A-40BA-B8E7-30B2EABAF0A2}.Debug|ARM.ActiveCfg = Debug|ARM
		{ECD8BAC2-322A-40BA-B8E7-30B2EABAF0A2}.Debug|ARM.Build.0 = Debug|ARM
		{ECD8BAC2-322A-40BA-B8E7-30B2EABAF0A2}.Debug|ARM.Deploy.0 = Debug|ARM
		{ECD8BAC2-322A-40BA-B8E7-30B2EABAF0A2}.Debug|iPhone.ActiveCfg = Debug|x86
		{ECD8BAC2-322A-40BA-B8E7-30B2EABAF0A2}.Debug|iPhoneSimulator.ActiveCfg = Debug|x86
		{ECD8BAC2-322A-40BA-B8E7-30B2EABAF0A2}.Debug|x64.ActiveCfg = Debug|x64
		{ECD8BAC2-322A-40BA-B8E7-30B2EABAF0A2}.Debug|x64.Build.0 = Debug|x64
		{ECD8BAC2-322A-40BA-B8E7-30B2EABAF0A2}.Debug|x64.Deploy.0 = Debug|x64
		{ECD8BAC2-322A-40BA-B8E7-30B2EABAF0A2}.Debug|x86.ActiveCfg = Debug|x86
		{ECD8BAC2-322A-40BA-B8E7-30B2EABAF0A2}.Debug|x86.Build.0 = Debug|x86
		{ECD8BAC2-322A-40BA-B8E7-30B2EABAF0A2}.Debug|x86.Deploy.0 = Debug|x86
		{ECD8BAC2-322A-40BA-B8E7-30B2EABAF0A2}.Release|Any CPU.ActiveCfg = Release|x86
		{ECD8BAC2-322A-40BA-B8E7-30B2EABAF0A2}.Release|ARM.ActiveCfg = Release|ARM
		{ECD8BAC2-322A-40BA-B8E7-30B2EABAF0A2}.Release|ARM.Build.0 = Release|ARM
		{ECD8BAC2-322A-40BA-B8E7-30B2EABAF0A2}.Release|ARM.Deploy.0 = Release|ARM
		{ECD8BAC2-322A-40BA-B8E7-30B2EABAF0A2}.Release|iPhone.ActiveCfg = Release|x86
		{ECD8BAC2-322A-40BA-B8E7-30B2EABAF0A2}.Release|iPhoneSimulator.ActiveCfg = Release|x86
		{ECD8BAC2-322A-40BA-B8E7-30B2EABAF0A2}.Release|x64.ActiveCfg = Release|x64
		{ECD8BAC2-322A-40BA-B8E7-30B2EABAF0A2}.Release|x64.Build.0 = Release|x64
		{ECD8BAC2-322A-40BA-B8E7-30B2EABAF0A2}.Release|x64.Deploy.0 = Release|x64
		{ECD8BAC2-322A-40BA-B8E7-30B2EABAF0A2}.Release|x86.ActiveCfg = Release|x86
		{ECD8BAC2-322A-40BA-B8E7-30B2EABAF0A2}.Release|x86.Build.0 = Release|x86
		{ECD8BAC2-322A-40BA-B8E7-30B2EABAF0A2}.Release|x86.Deploy.0 = Release|x86
		{118520FF-C76A-4008-8236-6C5CC57560FB}.Ad-Hoc|Any CPU.ActiveCfg = Release|Any CPU
		{118520FF-C76A-4008-8236-6C5CC57560FB}.Ad-Hoc|Any CPU.Build.0 = Release|Any CPU
		{118520FF-C76A-4008-8236-6C5CC57560FB}.Ad-Hoc|Any CPU.Deploy.0 = Release|Any CPU
		{118520FF-C76A-4008-8236-6C5CC57560FB}.Ad-Hoc|ARM.ActiveCfg = Release|ARM
		{118520FF-C76A-4008-8236-6C5CC57560FB}.Ad-Hoc|ARM.Build.0 = Release|ARM
		{118520FF-C76A-4008-8236-6C5CC57560FB}.Ad-Hoc|ARM.Deploy.0 = Release|ARM
		{118520FF-C76A-4008-8236-6C5CC57560FB}.Ad-Hoc|iPhone.ActiveCfg = Release|Any CPU
		{118520FF-C76A-4008-8236-6C5CC57560FB}.Ad-Hoc|iPhone.Build.0 = Release|Any CPU
		{118520FF-C76A-4008-8236-6C5CC57560FB}.Ad-Hoc|iPhone.Deploy.0 = Release|Any CPU
		{118520FF-C76A-4008-8236-6C5CC57560FB}.Ad-Hoc|iPhoneSimulator.ActiveCfg = Release|Any CPU
		{118520FF-C76A-4008-8236-6C5CC57560FB}.Ad-Hoc|iPhoneSimulator.Build.0 = Release|Any CPU
		{118520FF-C76A-4008-8236-6C5CC57560FB}.Ad-Hoc|iPhoneSimulator.Deploy.0 = Release|Any CPU
		{118520FF-C76A-4008-8236-6C5CC57560FB}.Ad-Hoc|x64.ActiveCfg = Release|x64
		{118520FF-C76A-4008-8236-6C5CC57560FB}.Ad-Hoc|x64.Build.0 = Release|x64
		{118520FF-C76A-4008-8236-6C5CC57560FB}.Ad-Hoc|x64.Deploy.0 = Release|x64
		{118520FF-C76A-4008-8236-6C5CC57560FB}.Ad-Hoc|x86.ActiveCfg = Release|x86
		{118520FF-C76A-4008-8236-6C5CC57560FB}.Ad-Hoc|x86.Build.0 = Release|x86
		{118520FF-C76A-4008-8236-6C5CC57560FB}.Ad-Hoc|x86.Deploy.0 = Release|x86
		{118520FF-C76A-4008-8236-6C5CC57560FB}.AppStore|Any CPU.ActiveCfg = Release|Any CPU
		{118520FF-C76A-4008-8236-6C5CC57560FB}.AppStore|Any CPU.Build.0 = Release|Any CPU
		{118520FF-C76A-4008-8236-6C5CC57560FB}.AppStore|Any CPU.Deploy.0 = Release|Any CPU
		{118520FF-C76A-4008-8236-6C5CC57560FB}.AppStore|ARM.ActiveCfg = Release|ARM
		{118520FF-C76A-4008-8236-6C5CC57560FB}.AppStore|ARM.Build.0 = Release|ARM
		{118520FF-C76A-4008-8236-6C5CC57560FB}.AppStore|ARM.Deploy.0 = Release|ARM
		{118520FF-C76A-4008-8236-6C5CC57560FB}.AppStore|iPhone.ActiveCfg = Release|Any CPU
		{118520FF-C76A-4008-8236-6C5CC57560FB}.AppStore|iPhone.Build.0 = Release|Any CPU
		{118520FF-C76A-4008-8236-6C5CC57560FB}.AppStore|iPhone.Deploy.0 = Release|Any CPU
		{118520FF-C76A-4008-8236-6C5CC57560FB}.AppStore|iPhoneSimulator.ActiveCfg = Release|Any CPU
		{118520FF-C76A-4008-8236-6C5CC57560FB}.AppStore|iPhoneSimulator.Build.0 = Release|Any CPU
		{118520FF-C76A-4008-8236-6C5CC57560FB}.AppStore|iPhoneSimulator.Deploy.0 = Release|Any CPU
		{118520FF-C76A-4008-8236-6C5CC57560FB}.AppStore|x64.ActiveCfg = Release|x64
		{118520FF-C76A-4008-8236-6C5CC57560FB}.AppStore|x64.Build.0 = Release|x64
		{118520FF-C76A-4008-8236-6C5CC57560FB}.AppStore|x64.Deploy.0 = Release|x64
		{118520FF-C76A-4008-8236-6C5CC57560FB}.AppStore|x86.ActiveCfg = Release|x86
		{118520FF-C76A-4008-8236-6C5CC57560FB}.AppStore|x86.Build.0 = Release|x86
		{118520FF-C76A-4008-8236-6C5CC57560FB}.AppStore|x86.Deploy.0 = Release|x86
		{118520FF-C76A-4008-8236-6C5CC57560FB}.Debug|Any CPU.ActiveCfg = Debug|Any CPU
		{118520FF-C76A-4008-8236-6C5CC57560FB}.Debug|Any CPU.Build.0 = Debug|Any CPU
		{118520FF-C76A-4008-8236-6C5CC57560FB}.Debug|Any CPU.Deploy.0 = Debug|Any CPU
		{118520FF-C76A-4008-8236-6C5CC57560FB}.Debug|ARM.ActiveCfg = Debug|ARM
		{118520FF-C76A-4008-8236-6C5CC57560FB}.Debug|ARM.Build.0 = Debug|ARM
		{118520FF-C76A-4008-8236-6C5CC57560FB}.Debug|ARM.Deploy.0 = Debug|ARM
		{118520FF-C76A-4008-8236-6C5CC57560FB}.Debug|iPhone.ActiveCfg = Debug|Any CPU
		{118520FF-C76A-4008-8236-6C5CC57560FB}.Debug|iPhone.Build.0 = Debug|Any CPU
		{118520FF-C76A-4008-8236-6C5CC57560FB}.Debug|iPhone.Deploy.0 = Debug|Any CPU
		{118520FF-C76A-4008-8236-6C5CC57560FB}.Debug|iPhoneSimulator.ActiveCfg = Debug|Any CPU
		{118520FF-C76A-4008-8236-6C5CC57560FB}.Debug|iPhoneSimulator.Build.0 = Debug|Any CPU
		{118520FF-C76A-4008-8236-6C5CC57560FB}.Debug|iPhoneSimulator.Deploy.0 = Debug|Any CPU
		{118520FF-C76A-4008-8236-6C5CC57560FB}.Debug|x64.ActiveCfg = Debug|x64
		{118520FF-C76A-4008-8236-6C5CC57560FB}.Debug|x64.Build.0 = Debug|x64
		{118520FF-C76A-4008-8236-6C5CC57560FB}.Debug|x64.Deploy.0 = Debug|x64
		{118520FF-C76A-4008-8236-6C5CC57560FB}.Debug|x86.ActiveCfg = Debug|x86
		{118520FF-C76A-4008-8236-6C5CC57560FB}.Debug|x86.Build.0 = Debug|x86
		{118520FF-C76A-4008-8236-6C5CC57560FB}.Debug|x86.Deploy.0 = Debug|x86
		{118520FF-C76A-4008-8236-6C5CC57560FB}.Release|Any CPU.ActiveCfg = Release|Any CPU
		{118520FF-C76A-4008-8236-6C5CC57560FB}.Release|Any CPU.Build.0 = Release|Any CPU
		{118520FF-C76A-4008-8236-6C5CC57560FB}.Release|Any CPU.Deploy.0 = Release|Any CPU
		{118520FF-C76A-4008-8236-6C5CC57560FB}.Release|ARM.ActiveCfg = Release|ARM
		{118520FF-C76A-4008-8236-6C5CC57560FB}.Release|ARM.Build.0 = Release|ARM
		{118520FF-C76A-4008-8236-6C5CC57560FB}.Release|ARM.Deploy.0 = Release|ARM
		{118520FF-C76A-4008-8236-6C5CC57560FB}.Release|iPhone.ActiveCfg = Release|Any CPU
		{118520FF-C76A-4008-8236-6C5CC57560FB}.Release|iPhone.Build.0 = Release|Any CPU
		{118520FF-C76A-4008-8236-6C5CC57560FB}.Release|iPhone.Deploy.0 = Release|Any CPU
		{118520FF-C76A-4008-8236-6C5CC57560FB}.Release|iPhoneSimulator.ActiveCfg = Release|Any CPU
		{118520FF-C76A-4008-8236-6C5CC57560FB}.Release|iPhoneSimulator.Build.0 = Release|Any CPU
		{118520FF-C76A-4008-8236-6C5CC57560FB}.Release|iPhoneSimulator.Deploy.0 = Release|Any CPU
		{118520FF-C76A-4008-8236-6C5CC57560FB}.Release|x64.ActiveCfg = Release|x64
		{118520FF-C76A-4008-8236-6C5CC57560FB}.Release|x64.Build.0 = Release|x64
		{118520FF-C76A-4008-8236-6C5CC57560FB}.Release|x64.Deploy.0 = Release|x64
		{118520FF-C76A-4008-8236-6C5CC57560FB}.Release|x86.ActiveCfg = Release|x86
		{118520FF-C76A-4008-8236-6C5CC57560FB}.Release|x86.Build.0 = Release|x86
		{118520FF-C76A-4008-8236-6C5CC57560FB}.Release|x86.Deploy.0 = Release|x86
		{06553401-A19F-4A81-BD31-0EDD7031AFA5}.Ad-Hoc|Any CPU.ActiveCfg = Release|Any CPU
		{06553401-A19F-4A81-BD31-0EDD7031AFA5}.Ad-Hoc|Any CPU.Build.0 = Release|Any CPU
		{06553401-A19F-4A81-BD31-0EDD7031AFA5}.Ad-Hoc|ARM.ActiveCfg = Release|Any CPU
		{06553401-A19F-4A81-BD31-0EDD7031AFA5}.Ad-Hoc|ARM.Build.0 = Release|Any CPU
		{06553401-A19F-4A81-BD31-0EDD7031AFA5}.Ad-Hoc|iPhone.ActiveCfg = Release|Any CPU
		{06553401-A19F-4A81-BD31-0EDD7031AFA5}.Ad-Hoc|iPhone.Build.0 = Release|Any CPU
		{06553401-A19F-4A81-BD31-0EDD7031AFA5}.Ad-Hoc|iPhoneSimulator.ActiveCfg = Release|Any CPU
		{06553401-A19F-4A81-BD31-0EDD7031AFA5}.Ad-Hoc|iPhoneSimulator.Build.0 = Release|Any CPU
		{06553401-A19F-4A81-BD31-0EDD7031AFA5}.Ad-Hoc|x64.ActiveCfg = Release|Any CPU
		{06553401-A19F-4A81-BD31-0EDD7031AFA5}.Ad-Hoc|x64.Build.0 = Release|Any CPU
		{06553401-A19F-4A81-BD31-0EDD7031AFA5}.Ad-Hoc|x86.ActiveCfg = Release|Any CPU
		{06553401-A19F-4A81-BD31-0EDD7031AFA5}.Ad-Hoc|x86.Build.0 = Release|Any CPU
		{06553401-A19F-4A81-BD31-0EDD7031AFA5}.AppStore|Any CPU.ActiveCfg = Release|Any CPU
		{06553401-A19F-4A81-BD31-0EDD7031AFA5}.AppStore|Any CPU.Build.0 = Release|Any CPU
		{06553401-A19F-4A81-BD31-0EDD7031AFA5}.AppStore|ARM.ActiveCfg = Release|Any CPU
		{06553401-A19F-4A81-BD31-0EDD7031AFA5}.AppStore|ARM.Build.0 = Release|Any CPU
		{06553401-A19F-4A81-BD31-0EDD7031AFA5}.AppStore|iPhone.ActiveCfg = Release|Any CPU
		{06553401-A19F-4A81-BD31-0EDD7031AFA5}.AppStore|iPhone.Build.0 = Release|Any CPU
		{06553401-A19F-4A81-BD31-0EDD7031AFA5}.AppStore|iPhoneSimulator.ActiveCfg = Release|Any CPU
		{06553401-A19F-4A81-BD31-0EDD7031AFA5}.AppStore|iPhoneSimulator.Build.0 = Release|Any CPU
		{06553401-A19F-4A81-BD31-0EDD7031AFA5}.AppStore|x64.ActiveCfg = Release|Any CPU
		{06553401-A19F-4A81-BD31-0EDD7031AFA5}.AppStore|x64.Build.0 = Release|Any CPU
		{06553401-A19F-4A81-BD31-0EDD7031AFA5}.AppStore|x86.ActiveCfg = Release|Any CPU
		{06553401-A19F-4A81-BD31-0EDD7031AFA5}.AppStore|x86.Build.0 = Release|Any CPU
		{06553401-A19F-4A81-BD31-0EDD7031AFA5}.Debug|Any CPU.ActiveCfg = Debug|Any CPU
		{06553401-A19F-4A81-BD31-0EDD7031AFA5}.Debug|Any CPU.Build.0 = Debug|Any CPU
		{06553401-A19F-4A81-BD31-0EDD7031AFA5}.Debug|ARM.ActiveCfg = Debug|Any CPU
		{06553401-A19F-4A81-BD31-0EDD7031AFA5}.Debug|ARM.Build.0 = Debug|Any CPU
		{06553401-A19F-4A81-BD31-0EDD7031AFA5}.Debug|iPhone.ActiveCfg = Debug|Any CPU
		{06553401-A19F-4A81-BD31-0EDD7031AFA5}.Debug|iPhone.Build.0 = Debug|Any CPU
		{06553401-A19F-4A81-BD31-0EDD7031AFA5}.Debug|iPhoneSimulator.ActiveCfg = Debug|Any CPU
		{06553401-A19F-4A81-BD31-0EDD7031AFA5}.Debug|iPhoneSimulator.Build.0 = Debug|Any CPU
		{06553401-A19F-4A81-BD31-0EDD7031AFA5}.Debug|x64.ActiveCfg = Debug|Any CPU
		{06553401-A19F-4A81-BD31-0EDD7031AFA5}.Debug|x64.Build.0 = Debug|Any CPU
		{06553401-A19F-4A81-BD31-0EDD7031AFA5}.Debug|x86.ActiveCfg = Debug|Any CPU
		{06553401-A19F-4A81-BD31-0EDD7031AFA5}.Debug|x86.Build.0 = Debug|Any CPU
		{06553401-A19F-4A81-BD31-0EDD7031AFA5}.Release|Any CPU.ActiveCfg = Release|Any CPU
		{06553401-A19F-4A81-BD31-0EDD7031AFA5}.Release|Any CPU.Build.0 = Release|Any CPU
		{06553401-A19F-4A81-BD31-0EDD7031AFA5}.Release|ARM.ActiveCfg = Release|Any CPU
		{06553401-A19F-4A81-BD31-0EDD7031AFA5}.Release|ARM.Build.0 = Release|Any CPU
		{06553401-A19F-4A81-BD31-0EDD7031AFA5}.Release|iPhone.ActiveCfg = Release|Any CPU
		{06553401-A19F-4A81-BD31-0EDD7031AFA5}.Release|iPhone.Build.0 = Release|Any CPU
		{06553401-A19F-4A81-BD31-0EDD7031AFA5}.Release|iPhoneSimulator.ActiveCfg = Release|Any CPU
		{06553401-A19F-4A81-BD31-0EDD7031AFA5}.Release|iPhoneSimulator.Build.0 = Release|Any CPU
		{06553401-A19F-4A81-BD31-0EDD7031AFA5}.Release|x64.ActiveCfg = Release|Any CPU
		{06553401-A19F-4A81-BD31-0EDD7031AFA5}.Release|x64.Build.0 = Release|Any CPU
		{06553401-A19F-4A81-BD31-0EDD7031AFA5}.Release|x86.ActiveCfg = Release|Any CPU
		{06553401-A19F-4A81-BD31-0EDD7031AFA5}.Release|x86.Build.0 = Release|Any CPU
	EndGlobalSection
	GlobalSection(SolutionProperties) = preSolution
		HideSolutionNode = FALSE
	EndGlobalSection
EndGlobal
